Microsoft Visual Studio Solution File, Format Version 12.00
# Visual Studio Version 17
VisualStudioVersion = 17.5.2.0
MinimumVisualStudioVersion = 10.0.40219.1
Project("{FAE04EC0-301F-11D3-BF4B-00C04F79EFBC}") = "webbie", "webbie.csproj", "{51B4EED4-6460-AA5D-9027-7F2F1723A433}"
EndProject
Global
	GlobalSection(SolutionConfigurationPlatforms) = preSolution
		Debug|Any CPU = Debug|Any CPU
		Release|Any CPU = Release|Any CPU
	EndGlobalSection
	GlobalSection(ProjectConfigurationPlatforms) = postSolution
		{51B4EED4-6460-AA5D-9027-7F2F1723A433}.Debug|Any CPU.ActiveCfg = Debug|Any CPU
		{51B4EED4-6460-AA5D-9027-7F2F1723A433}.Debug|Any CPU.Build.0 = Debug|Any CPU
		{51B4EED4-6460-AA5D-9027-7F2F1723A433}.Release|Any CPU.ActiveCfg = Release|Any CPU
		{51B4EED4-6460-AA5D-9027-7F2F1723A433}.Release|Any CPU.Build.0 = Release|Any CPU
	EndGlobalSection
	GlobalSection(SolutionProperties) = preSolution
		HideSolutionNode = FALSE
	EndGlobalSection
	GlobalSection(ExtensibilityGlobals) = postSolution
		SolutionGuid = {6D802DEE-5A51-4EEF-BB71-5DEE9F724813}
	EndGlobalSection
EndGlobal
