Microsoft Visual Studio Solution File, Format Version 12.00
# Visual Studio Version 17
VisualStudioVersion = 17.5.2.0
MinimumVisualStudioVersion = 10.0.40219.1
Project("{FAE04EC0-301F-11D3-BF4B-00C04F79EFBC}") = "Frontend.WeerClient", "Frontend.WeerClient.csproj", "{312CD774-7798-899E-0C6E-4147E26D68D6}"
EndProject
Global
	GlobalSection(SolutionConfigurationPlatforms) = preSolution
		Debug|Any CPU = Debug|Any CPU
		Release|Any CPU = Release|Any CPU
	EndGlobalSection
	GlobalSection(ProjectConfigurationPlatforms) = postSolution
		{312CD774-7798-899E-0C6E-4147E26D68D6}.Debug|Any CPU.ActiveCfg = Debug|Any CPU
		{312CD774-7798-899E-0C6E-4147E26D68D6}.Debug|Any CPU.Build.0 = Debug|Any CPU
		{312CD774-7798-899E-0C6E-4147E26D68D6}.Release|Any CPU.ActiveCfg = Release|Any CPU
		{312CD774-7798-899E-0C6E-4147E26D68D6}.Release|Any CPU.Build.0 = Release|Any CPU
	EndGlobalSection
	GlobalSection(SolutionProperties) = preSolution
		HideSolutionNode = FALSE
	EndGlobalSection
	GlobalSection(ExtensibilityGlobals) = postSolution
		SolutionGuid = {99907E77-5662-4C5B-9D31-F688B5E9C11B}
	EndGlobalSection
EndGlobal
